
Microsoft Visual Studio Solution File, Format Version 12.00
# Visual Studio 2017
Project("{FAE04EC0-301F-11D3-BF4B-00C04F79EFBC}") = "CrazyClimbing", "CrazyClimbing.csproj", "{A981718D-AC80-5F42-8FB2-8B51E3C5556A}"
EndProject
Project("{FAE04EC0-301F-11D3-BF4B-00C04F79EFBC}") = "CrazyClimbing.Editor", "CrazyClimbing.Editor.csproj", "{366DC2FA-DCC8-D8BB-A135-6CD9E3E5F7FB}"
EndProject
Global
	GlobalSection(SolutionConfigurationPlatforms) = preSolution
		Debug|Any CPU = Debug|Any CPU
		Release|Any CPU = Release|Any CPU
	EndGlobalSection
	GlobalSection(ProjectConfigurationPlatforms) = postSolution
		{A981718D-AC80-5F42-8FB2-8B51E3C5556A}.Debug|Any CPU.ActiveCfg = Debug|Any CPU
		{A981718D-AC80-5F42-8FB2-8B51E3C5556A}.Debug|Any CPU.Build.0 = Debug|Any CPU
		{A981718D-AC80-5F42-8FB2-8B51E3C5556A}.Release|Any CPU.ActiveCfg = Release|Any CPU
		{A981718D-AC80-5F42-8FB2-8B51E3C5556A}.Release|Any CPU.Build.0 = Release|Any CPU
		{366DC2FA-DCC8-D8BB-A135-6CD9E3E5F7FB}.Debug|Any CPU.ActiveCfg = Debug|Any CPU
		{366DC2FA-DCC8-D8BB-A135-6CD9E3E5F7FB}.Debug|Any CPU.Build.0 = Debug|Any CPU
		{366DC2FA-DCC8-D8BB-A135-6CD9E3E5F7FB}.Release|Any CPU.ActiveCfg = Release|Any CPU
		{366DC2FA-DCC8-D8BB-A135-6CD9E3E5F7FB}.Release|Any CPU.Build.0 = Release|Any CPU
	EndGlobalSection
	GlobalSection(SolutionProperties) = preSolution
		HideSolutionNode = FALSE
	EndGlobalSection
EndGlobal
